
Microsoft Visual Studio Solution File, Format Version 12.00
# Visual Studio Version 17
VisualStudioVersion = 17.1.32407.343
MinimumVisualStudioVersion = 10.0.40219.1
Project("{9A19103F-16F7-4668-BE54-9A1E7A4F7556}") = "Blazor6_WebService", "..\Blazor6_WebService\Blazor6_WebService.csproj", "{356A85A4-7FC6-4B72-BBA9-E9E5D6DED74A}"
EndProject
Global
	GlobalSection(SolutionConfigurationPlatforms) = preSolution
		Debug|Any CPU = Debug|Any CPU
		Release|Any CPU = Release|Any CPU
	EndGlobalSection
	GlobalSection(ProjectConfigurationPlatforms) = postSolution
		{356A85A4-7FC6-4B72-BBA9-E9E5D6DED74A}.Debug|Any CPU.ActiveCfg = Debug|Any CPU
		{356A85A4-7FC6-4B72-BBA9-E9E5D6DED74A}.Debug|Any CPU.Build.0 = Debug|Any CPU
		{356A85A4-7FC6-4B72-BBA9-E9E5D6DED74A}.Release|Any CPU.ActiveCfg = Release|Any CPU
		{356A85A4-7FC6-4B72-BBA9-E9E5D6DED74A}.Release|Any CPU.Build.0 = Release|Any CPU
	EndGlobalSection
	GlobalSection(SolutionProperties) = preSolution
		HideSolutionNode = FALSE
	EndGlobalSection
	GlobalSection(ExtensibilityGlobals) = postSolution
		SolutionGuid = {FC001E94-C48F-456B-829F-A5A4F9F7B8B2}
	EndGlobalSection
EndGlobal
